
Microsoft Visual Studio Solution File, Format Version 12.00
# Visual Studio Version 17
VisualStudioVersion = 17.9.34714.143
MinimumVisualStudioVersion = 10.0.40219.1
Project("{FAE04EC0-301F-11D3-BF4B-00C04F79EFBC}") = "TrainCalcSystem.View", "TrainCalcSystem\TrainCalcSystem.View.csproj", "{0341697A-4777-44EC-A13B-F0E345394477}"
EndProject
Project("{FAE04EC0-301F-11D3-BF4B-00C04F79EFBC}") = "TrainCalcSystem.Model", "TrainCalcSystem.Model\TrainCalcSystem.Model.csproj", "{B4C048EA-2838-4895-9891-4051BD8424D0}"
EndProject
Global
	GlobalSection(SolutionConfigurationPlatforms) = preSolution
		Debug|Any CPU = Debug|Any CPU
		Release|Any CPU = Release|Any CPU
	EndGlobalSection
	GlobalSection(ProjectConfigurationPlatforms) = postSolution
		{0341697A-4777-44EC-A13B-F0E345394477}.Debug|Any CPU.ActiveCfg = Debug|Any CPU
		{0341697A-4777-44EC-A13B-F0E345394477}.Debug|Any CPU.Build.0 = Debug|Any CPU
		{0341697A-4777-44EC-A13B-F0E345394477}.Release|Any CPU.ActiveCfg = Release|Any CPU
		{0341697A-4777-44EC-A13B-F0E345394477}.Release|Any CPU.Build.0 = Release|Any CPU
		{B4C048EA-2838-4895-9891-4051BD8424D0}.Debug|Any CPU.ActiveCfg = Debug|Any CPU
		{B4C048EA-2838-4895-9891-4051BD8424D0}.Debug|Any CPU.Build.0 = Debug|Any CPU
		{B4C048EA-2838-4895-9891-4051BD8424D0}.Release|Any CPU.ActiveCfg = Release|Any CPU
		{B4C048EA-2838-4895-9891-4051BD8424D0}.Release|Any CPU.Build.0 = Release|Any CPU
	EndGlobalSection
	GlobalSection(SolutionProperties) = preSolution
		HideSolutionNode = FALSE
	EndGlobalSection
	GlobalSection(ExtensibilityGlobals) = postSolution
		SolutionGuid = {CB84E5ED-81DE-4D68-9897-7A4153E7FBD8}
	EndGlobalSection
EndGlobal
